
Microsoft Visual Studio Solution File, Format Version 12.00
# Visual Studio Version 16
VisualStudioVersion = 16.0.28803.202
MinimumVisualStudioVersion = 10.0.40219.1
Project("{FAE04EC0-301F-11D3-BF4B-00C04F79EFBC}") = "AssignIfElse", "AppIfElse\AssignIfElse.csproj", "{B1A7DDC8-496A-4593-9F9B-B5036AAAF3A7}"
EndProject
Global
	GlobalSection(SolutionConfigurationPlatforms) = preSolution
		Debug|Any CPU = Debug|Any CPU
		Release|Any CPU = Release|Any CPU
	EndGlobalSection
	GlobalSection(ProjectConfigurationPlatforms) = postSolution
		{B1A7DDC8-496A-4593-9F9B-B5036AAAF3A7}.Debug|Any CPU.ActiveCfg = Debug|Any CPU
		{B1A7DDC8-496A-4593-9F9B-B5036AAAF3A7}.Debug|Any CPU.Build.0 = Debug|Any CPU
		{B1A7DDC8-496A-4593-9F9B-B5036AAAF3A7}.Release|Any CPU.ActiveCfg = Release|Any CPU
		{B1A7DDC8-496A-4593-9F9B-B5036AAAF3A7}.Release|Any CPU.Build.0 = Release|Any CPU
	EndGlobalSection
	GlobalSection(SolutionProperties) = preSolution
		HideSolutionNode = FALSE
	EndGlobalSection
	GlobalSection(ExtensibilityGlobals) = postSolution
		SolutionGuid = {29E39FB0-4946-42F0-8660-4E2EB1FFA247}
	EndGlobalSection
EndGlobal
