
Microsoft Visual Studio Solution File, Format Version 12.00
# Visual Studio Version 16
VisualStudioVersion = 16.0.28803.202
MinimumVisualStudioVersion = 10.0.40219.1
Project("{FAE04EC0-301F-11D3-BF4B-00C04F79EFBC}") = "AssignArray", "AssignArray\AssignArray.csproj", "{0D54AA4F-211E-4622-924B-FDDDFB773A82}"
EndProject
Global
	GlobalSection(SolutionConfigurationPlatforms) = preSolution
		Debug|Any CPU = Debug|Any CPU
		Release|Any CPU = Release|Any CPU
	EndGlobalSection
	GlobalSection(ProjectConfigurationPlatforms) = postSolution
		{0D54AA4F-211E-4622-924B-FDDDFB773A82}.Debug|Any CPU.ActiveCfg = Debug|Any CPU
		{0D54AA4F-211E-4622-924B-FDDDFB773A82}.Debug|Any CPU.Build.0 = Debug|Any CPU
		{0D54AA4F-211E-4622-924B-FDDDFB773A82}.Release|Any CPU.ActiveCfg = Release|Any CPU
		{0D54AA4F-211E-4622-924B-FDDDFB773A82}.Release|Any CPU.Build.0 = Release|Any CPU
	EndGlobalSection
	GlobalSection(SolutionProperties) = preSolution
		HideSolutionNode = FALSE
	EndGlobalSection
	GlobalSection(ExtensibilityGlobals) = postSolution
		SolutionGuid = {F047BB5B-C64B-45D7-BE12-E456FDCB9B33}
	EndGlobalSection
EndGlobal
