
Microsoft Visual Studio Solution File, Format Version 12.00
# Visual Studio Version 16
VisualStudioVersion = 16.0.28803.202
MinimumVisualStudioVersion = 10.0.40219.1
Project("{FAE04EC0-301F-11D3-BF4B-00C04F79EFBC}") = "AssignMultiply", "AssignMultiply\AssignMultiply.csproj", "{60237538-71A7-44CB-A683-551DAFD8248D}"
EndProject
Global
	GlobalSection(SolutionConfigurationPlatforms) = preSolution
		Debug|Any CPU = Debug|Any CPU
		Release|Any CPU = Release|Any CPU
	EndGlobalSection
	GlobalSection(ProjectConfigurationPlatforms) = postSolution
		{60237538-71A7-44CB-A683-551DAFD8248D}.Debug|Any CPU.ActiveCfg = Debug|Any CPU
		{60237538-71A7-44CB-A683-551DAFD8248D}.Debug|Any CPU.Build.0 = Debug|Any CPU
		{60237538-71A7-44CB-A683-551DAFD8248D}.Release|Any CPU.ActiveCfg = Release|Any CPU
		{60237538-71A7-44CB-A683-551DAFD8248D}.Release|Any CPU.Build.0 = Release|Any CPU
	EndGlobalSection
	GlobalSection(SolutionProperties) = preSolution
		HideSolutionNode = FALSE
	EndGlobalSection
	GlobalSection(ExtensibilityGlobals) = postSolution
		SolutionGuid = {60F9575B-DF5F-4921-9957-C5305D1B8E75}
	EndGlobalSection
EndGlobal
